
Microsoft Visual Studio Solution File, Format Version 12.00
# Visual Studio Version 16
VisualStudioVersion = 16.0.31112.23
MinimumVisualStudioVersion = 10.0.40219.1
Project("{FAE04EC0-301F-11D3-BF4B-00C04F79EFBC}") = "GetTTScontent", "GetTTScontent\GetTTScontent.csproj", "{552D1B66-E3D4-4E5F-8F2D-834E296A2E81}"
EndProject
Global
	GlobalSection(SolutionConfigurationPlatforms) = preSolution
		Debug|Any CPU = Debug|Any CPU
		Release|Any CPU = Release|Any CPU
	EndGlobalSection
	GlobalSection(ProjectConfigurationPlatforms) = postSolution
		{552D1B66-E3D4-4E5F-8F2D-834E296A2E81}.Debug|Any CPU.ActiveCfg = Debug|Any CPU
		{552D1B66-E3D4-4E5F-8F2D-834E296A2E81}.Debug|Any CPU.Build.0 = Debug|Any CPU
		{552D1B66-E3D4-4E5F-8F2D-834E296A2E81}.Release|Any CPU.ActiveCfg = Release|Any CPU
		{552D1B66-E3D4-4E5F-8F2D-834E296A2E81}.Release|Any CPU.Build.0 = Release|Any CPU
	EndGlobalSection
	GlobalSection(SolutionProperties) = preSolution
		HideSolutionNode = FALSE
	EndGlobalSection
	GlobalSection(ExtensibilityGlobals) = postSolution
		SolutionGuid = {1E6BCC2D-469F-4803-A98D-1AA5FE1E303F}
	EndGlobalSection
EndGlobal
